// !$*UTF8*$!
{
	archiveVersion = 1;
	classes = {
	};
	objectVersion = 50;
	objects = {

/* Begin PBXBuildFile section */
		D201DE4D25CFBCE7002C2637 /* NewsViewModel.swift in Sources */ = {isa = PBXBuildFile; fileRef = D201DE4C25CFBCE7002C2637 /* NewsViewModel.swift */; };
		D206B3CA25D0E00A0049447B /* CryptoCurrency.swift in Sources */ = {isa = PBXBuildFile; fileRef = D206B3C925D0E00A0049447B /* CryptoCurrency.swift */; };
		D206B3CD25D0E0F90049447B /* CryptoController.swift in Sources */ = {isa = PBXBuildFile; fileRef = D206B3CC25D0E0F90049447B /* CryptoController.swift */; };
		D206B3D025D0E29D0049447B /* CoinViewModel.swift in Sources */ = {isa = PBXBuildFile; fileRef = D206B3CF25D0E29D0049447B /* CoinViewModel.swift */; };
		D206B3D325D0E4210049447B /* CoinListViewModel.swift in Sources */ = {isa = PBXBuildFile; fileRef = D206B3D225D0E4210049447B /* CoinListViewModel.swift */; };
		D206B3D625D0E7E20049447B /* CoinListView.swift in Sources */ = {isa = PBXBuildFile; fileRef = D206B3D525D0E7E20049447B /* CoinListView.swift */; };
		D206B3D925D0ED200049447B /* HomeView.swift in Sources */ = {isa = PBXBuildFile; fileRef = D206B3D825D0ED200049447B /* HomeView.swift */; };
		D26EA52425D11E0100822643 /* Extension-String.swift in Sources */ = {isa = PBXBuildFile; fileRef = D26EA52325D11E0000822643 /* Extension-String.swift */; };
		D282114725CF568B00BB415B /* NewsAppApp.swift in Sources */ = {isa = PBXBuildFile; fileRef = D282114625CF568B00BB415B /* NewsAppApp.swift */; };
		D282114925CF568B00BB415B /* NewsView.swift in Sources */ = {isa = PBXBuildFile; fileRef = D282114825CF568B00BB415B /* NewsView.swift */; };
		D282114B25CF568D00BB415B /* Assets.xcassets in Resources */ = {isa = PBXBuildFile; fileRef = D282114A25CF568D00BB415B /* Assets.xcassets */; };
		D282114E25CF568D00BB415B /* Preview Assets.xcassets in Resources */ = {isa = PBXBuildFile; fileRef = D282114D25CF568D00BB415B /* Preview Assets.xcassets */; };
		D282115725CF56C300BB415B /* News.swift in Sources */ = {isa = PBXBuildFile; fileRef = D282115625CF56C300BB415B /* News.swift */; };
		D282115A25CF570200BB415B /* NewsController.swift in Sources */ = {isa = PBXBuildFile; fileRef = D282115925CF570200BB415B /* NewsController.swift */; };
		D2C05CF425CFFBA500AAA80E /* EmitterView.swift in Sources */ = {isa = PBXBuildFile; fileRef = D2C05CF325CFFBA500AAA80E /* EmitterView.swift */; };
		D2ED9C9C25CF70BC001D20B8 /* ArticleView.swift in Sources */ = {isa = PBXBuildFile; fileRef = D2ED9C9B25CF70BC001D20B8 /* ArticleView.swift */; };
/* End PBXBuildFile section */

/* Begin PBXFileReference section */
		D201DE4C25CFBCE7002C2637 /* NewsViewModel.swift */ = {isa = PBXFileReference; lastKnownFileType = sourcecode.swift; path = NewsViewModel.swift; sourceTree = "<group>"; };
		D206B3C925D0E00A0049447B /* CryptoCurrency.swift */ = {isa = PBXFileReference; lastKnownFileType = sourcecode.swift; path = CryptoCurrency.swift; sourceTree = "<group>"; };
		D206B3CC25D0E0F90049447B /* CryptoController.swift */ = {isa = PBXFileReference; lastKnownFileType = sourcecode.swift; path = CryptoController.swift; sourceTree = "<group>"; };
		D206B3CF25D0E29D0049447B /* CoinViewModel.swift */ = {isa = PBXFileReference; lastKnownFileType = sourcecode.swift; path = CoinViewModel.swift; sourceTree = "<group>"; };
		D206B3D225D0E4210049447B /* CoinListViewModel.swift */ = {isa = PBXFileReference; lastKnownFileType = sourcecode.swift; path = CoinListViewModel.swift; sourceTree = "<group>"; };
		D206B3D525D0E7E20049447B /* CoinListView.swift */ = {isa = PBXFileReference; lastKnownFileType = sourcecode.swift; path = CoinListView.swift; sourceTree = "<group>"; };
		D206B3D825D0ED200049447B /* HomeView.swift */ = {isa = PBXFileReference; lastKnownFileType = sourcecode.swift; path = HomeView.swift; sourceTree = "<group>"; };
		D26EA52325D11E0000822643 /* Extension-String.swift */ = {isa = PBXFileReference; lastKnownFileType = sourcecode.swift; path = "Extension-String.swift"; sourceTree = "<group>"; };
		D282114325CF568B00BB415B /* NewsApp.app */ = {isa = PBXFileReference; explicitFileType = wrapper.application; includeInIndex = 0; path = NewsApp.app; sourceTree = BUILT_PRODUCTS_DIR; };
		D282114625CF568B00BB415B /* NewsAppApp.swift */ = {isa = PBXFileReference; lastKnownFileType = sourcecode.swift; path = NewsAppApp.swift; sourceTree = "<group>"; };
		D282114825CF568B00BB415B /* NewsView.swift */ = {isa = PBXFileReference; lastKnownFileType = sourcecode.swift; path = NewsView.swift; sourceTree = "<group>"; };
		D282114A25CF568D00BB415B /* Assets.xcassets */ = {isa = PBXFileReference; lastKnownFileType = folder.assetcatalog; path = Assets.xcassets; sourceTree = "<group>"; };
		D282114D25CF568D00BB415B /* Preview Assets.xcassets */ = {isa = PBXFileReference; lastKnownFileType = folder.assetcatalog; path = "Preview Assets.xcassets"; sourceTree = "<group>"; };
		D282114F25CF568D00BB415B /* Info.plist */ = {isa = PBXFileReference; lastKnownFileType = text.plist.xml; path = Info.plist; sourceTree = "<group>"; };
		D282115625CF56C300BB415B /* News.swift */ = {isa = PBXFileReference; lastKnownFileType = sourcecode.swift; path = News.swift; sourceTree = "<group>"; };
		D282115925CF570200BB415B /* NewsController.swift */ = {isa = PBXFileReference; lastKnownFileType = sourcecode.swift; path = NewsController.swift; sourceTree = "<group>"; };
		D2C05CF325CFFBA500AAA80E /* EmitterView.swift */ = {isa = PBXFileReference; lastKnownFileType = sourcecode.swift; path = EmitterView.swift; sourceTree = "<group>"; };
		D2ED9C9B25CF70BC001D20B8 /* ArticleView.swift */ = {isa = PBXFileReference; lastKnownFileType = sourcecode.swift; path = ArticleView.swift; sourceTree = "<group>"; };
/* End PBXFileReference section */

/* Begin PBXFrameworksBuildPhase section */
		D282114025CF568B00BB415B /* Frameworks */ = {
			isa = PBXFrameworksBuildPhase;
			buildActionMask = 2147483647;
			files = (
			);
			runOnlyForDeploymentPostprocessing = 0;
		};
/* End PBXFrameworksBuildPhase section */

/* Begin PBXGroup section */
		D26EA52225D11DE600822643 /* Extensions */ = {
			isa = PBXGroup;
			children = (
				D26EA52325D11E0000822643 /* Extension-String.swift */,
			);
			path = Extensions;
			sourceTree = "<group>";
		};
		D282113A25CF568B00BB415B = {
			isa = PBXGroup;
			children = (
				D282114525CF568B00BB415B /* NewsApp */,
				D282114425CF568B00BB415B /* Products */,
			);
			sourceTree = "<group>";
		};
		D282114425CF568B00BB415B /* Products */ = {
			isa = PBXGroup;
			children = (
				D282114325CF568B00BB415B /* NewsApp.app */,
			);
			name = Products;
			sourceTree = "<group>";
		};
		D282114525CF568B00BB415B /* NewsApp */ = {
			isa = PBXGroup;
			children = (
				D26EA52225D11DE600822643 /* Extensions */,
				D2C05CFE25D00A8F00AAA80E /* Views */,
				D2C05CFD25D00A8600AAA80E /* ViewModels */,
				D2C05CFC25D00A7900AAA80E /* Controllers */,
				D2C05CFB25D00A7100AAA80E /* Models */,
				D282114625CF568B00BB415B /* NewsAppApp.swift */,
				D282114A25CF568D00BB415B /* Assets.xcassets */,
				D282114F25CF568D00BB415B /* Info.plist */,
				D282114C25CF568D00BB415B /* Preview Content */,
			);
			path = NewsApp;
			sourceTree = "<group>";
		};
		D282114C25CF568D00BB415B /* Preview Content */ = {
			isa = PBXGroup;
			children = (
				D282114D25CF568D00BB415B /* Preview Assets.xcassets */,
			);
			path = "Preview Content";
			sourceTree = "<group>";
		};
		D2C05CFB25D00A7100AAA80E /* Models */ = {
			isa = PBXGroup;
			children = (
				D282115625CF56C300BB415B /* News.swift */,
				D206B3C925D0E00A0049447B /* CryptoCurrency.swift */,
			);
			path = Models;
			sourceTree = "<group>";
		};
		D2C05CFC25D00A7900AAA80E /* Controllers */ = {
			isa = PBXGroup;
			children = (
				D282115925CF570200BB415B /* NewsController.swift */,
				D206B3CC25D0E0F90049447B /* CryptoController.swift */,
			);
			path = Controllers;
			sourceTree = "<group>";
		};
		D2C05CFD25D00A8600AAA80E /* ViewModels */ = {
			isa = PBXGroup;
			children = (
				D201DE4C25CFBCE7002C2637 /* NewsViewModel.swift */,
				D206B3CF25D0E29D0049447B /* CoinViewModel.swift */,
				D206B3D225D0E4210049447B /* CoinListViewModel.swift */,
			);
			path = ViewModels;
			sourceTree = "<group>";
		};
		D2C05CFE25D00A8F00AAA80E /* Views */ = {
			isa = PBXGroup;
			children = (
				D282114825CF568B00BB415B /* NewsView.swift */,
				D2ED9C9B25CF70BC001D20B8 /* ArticleView.swift */,
				D206B3D525D0E7E20049447B /* CoinListView.swift */,
				D206B3D825D0ED200049447B /* HomeView.swift */,
				D2C05CF325CFFBA500AAA80E /* EmitterView.swift */,
			);
			path = Views;
			sourceTree = "<group>";
		};
/* End PBXGroup section */

/* Begin PBXNativeTarget section */
		D282114225CF568B00BB415B /* NewsApp */ = {
			isa = PBXNativeTarget;
			buildConfigurationList = D282115225CF568D00BB415B /* Build configuration list for PBXNativeTarget "NewsApp" */;
			buildPhases = (
				D282113F25CF568B00BB415B /* Sources */,
				D282114025CF568B00BB415B /* Frameworks */,
				D282114125CF568B00BB415B /* Resources */,
			);
			buildRules = (
			);
			dependencies = (
			);
			name = NewsApp;
			productName = NewsApp;
			productReference = D282114325CF568B00BB415B /* NewsApp.app */;
			productType = "com.apple.product-type.application";
		};
/* End PBXNativeTarget section */

/* Begin PBXProject section */
		D282113B25CF568B00BB415B /* Project object */ = {
			isa = PBXProject;
			attributes = {
				LastSwiftUpdateCheck = 1240;
				LastUpgradeCheck = 1240;
				TargetAttributes = {
					D282114225CF568B00BB415B = {
						CreatedOnToolsVersion = 12.4;
					};
				};
			};
			buildConfigurationList = D282113E25CF568B00BB415B /* Build configuration list for PBXProject "NewsApp" */;
			compatibilityVersion = "Xcode 9.3";
			developmentRegion = en;
			hasScannedForEncodings = 0;
			knownRegions = (
				en,
				Base,
			);
			mainGroup = D282113A25CF568B00BB415B;
			productRefGroup = D282114425CF568B00BB415B /* Products */;
			projectDirPath = "";
			projectRoot = "";
			targets = (
				D282114225CF568B00BB415B /* NewsApp */,
			);
		};
/* End PBXProject section */

/* Begin PBXResourcesBuildPhase section */
		D282114125CF568B00BB415B /* Resources */ = {
			isa = PBXResourcesBuildPhase;
			buildActionMask = 2147483647;
			files = (
				D282114E25CF568D00BB415B /* Preview Assets.xcassets in Resources */,
				D282114B25CF568D00BB415B /* Assets.xcassets in Resources */,
			);
			runOnlyForDeploymentPostprocessing = 0;
		};
/* End PBXResourcesBuildPhase section */

/* Begin PBXSourcesBuildPhase section */
		D282113F25CF568B00BB415B /* Sources */ = {
			isa = PBXSourcesBuildPhase;
			buildActionMask = 2147483647;
			files = (
				D282115A25CF570200BB415B /* NewsController.swift in Sources */,
				D201DE4D25CFBCE7002C2637 /* NewsViewModel.swift in Sources */,
				D206B3D925D0ED200049447B /* HomeView.swift in Sources */,
				D282115725CF56C300BB415B /* News.swift in Sources */,
				D206B3CA25D0E00A0049447B /* CryptoCurrency.swift in Sources */,
				D2ED9C9C25CF70BC001D20B8 /* ArticleView.swift in Sources */,
				D206B3D625D0E7E20049447B /* CoinListView.swift in Sources */,
				D206B3D025D0E29D0049447B /* CoinViewModel.swift in Sources */,
				D282114925CF568B00BB415B /* NewsView.swift in Sources */,
				D2C05CF425CFFBA500AAA80E /* EmitterView.swift in Sources */,
				D206B3CD25D0E0F90049447B /* CryptoController.swift in Sources */,
				D282114725CF568B00BB415B /* NewsAppApp.swift in Sources */,
				D26EA52425D11E0100822643 /* Extension-String.swift in Sources */,
				D206B3D325D0E4210049447B /* CoinListViewModel.swift in Sources */,
			);
			runOnlyForDeploymentPostprocessing = 0;
		};
/* End PBXSourcesBuildPhase section */

/* Begin XCBuildConfiguration section */
		D282115025CF568D00BB415B /* Debug */ = {
			isa = XCBuildConfiguration;
			buildSettings = {
				ALWAYS_SEARCH_USER_PATHS = NO;
				CLANG_ANALYZER_NONNULL = YES;
				CLANG_ANALYZER_NUMBER_OBJECT_CONVERSION = YES_AGGRESSIVE;
				CLANG_CXX_LANGUAGE_STANDARD = "gnu++14";
				CLANG_CXX_LIBRARY = "libc++";
				CLANG_ENABLE_MODULES = YES;
				CLANG_ENABLE_OBJC_ARC = YES;
				CLANG_ENABLE_OBJC_WEAK = YES;
				CLANG_WARN_BLOCK_CAPTURE_AUTORELEASING = YES;
				CLANG_WARN_BOOL_CONVERSION = YES;
				CLANG_WARN_COMMA = YES;
				CLANG_WARN_CONSTANT_CONVERSION = YES;
				CLANG_WARN_DEPRECATED_OBJC_IMPLEMENTATIONS = YES;
				CLANG_WARN_DIRECT_OBJC_ISA_USAGE = YES_ERROR;
				CLANG_WARN_DOCUMENTATION_COMMENTS = YES;
				CLANG_WARN_EMPTY_BODY = YES;
				CLANG_WARN_ENUM_CONVERSION = YES;
				CLANG_WARN_INFINITE_RECURSION = YES;
				CLANG_WARN_INT_CONVERSION = YES;
				CLANG_WARN_NON_LITERAL_NULL_CONVERSION = YES;
				CLANG_WARN_OBJC_IMPLICIT_RETAIN_SELF = YES;
				CLANG_WARN_OBJC_LITERAL_CONVERSION = YES;
				CLANG_WARN_OBJC_ROOT_CLASS = YES_ERROR;
				CLANG_WARN_QUOTED_INCLUDE_IN_FRAMEWORK_HEADER = YES;
				CLANG_WARN_RANGE_LOOP_ANALYSIS = YES;
				CLANG_WARN_STRICT_PROTOTYPES = YES;
				CLANG_WARN_SUSPICIOUS_MOVE = YES;
				CLANG_WARN_UNGUARDED_AVAILABILITY = YES_AGGRESSIVE;
				CLANG_WARN_UNREACHABLE_CODE = YES;
				CLANG_WARN__DUPLICATE_METHOD_MATCH = YES;
				COPY_PHASE_STRIP = NO;
				DEBUG_INFORMATION_FORMAT = dwarf;
				ENABLE_STRICT_OBJC_MSGSEND = YES;
				ENABLE_TESTABILITY = YES;
				GCC_C_LANGUAGE_STANDARD = gnu11;
				GCC_DYNAMIC_NO_PIC = NO;
				GCC_NO_COMMON_BLOCKS = YES;
				GCC_OPTIMIZATION_LEVEL = 0;
				GCC_PREPROCESSOR_DEFINITIONS = (
					"DEBUG=1",
					"$(inherited)",
				);
				GCC_WARN_64_TO_32_BIT_CONVERSION = YES;
				GCC_WARN_ABOUT_RETURN_TYPE = YES_ERROR;
				GCC_WARN_UNDECLARED_SELECTOR = YES;
				GCC_WARN_UNINITIALIZED_AUTOS = YES_AGGRESSIVE;
				GCC_WARN_UNUSED_FUNCTION = YES;
				GCC_WARN_UNUSED_VARIABLE = YES;
				IPHONEOS_DEPLOYMENT_TARGET = 14.4;
				MTL_ENABLE_DEBUG_INFO = INCLUDE_SOURCE;
				MTL_FAST_MATH = YES;
				ONLY_ACTIVE_ARCH = YES;
				SDKROOT = iphoneos;
				SWIFT_ACTIVE_COMPILATION_CONDITIONS = DEBUG;
				SWIFT_OPTIMIZATION_LEVEL = "-Onone";
			};
			name = Debug;
		};
		D282115125CF568D00BB415B /* Release */ = {
			isa = XCBuildConfiguration;
			buildSettings = {
				ALWAYS_SEARCH_USER_PATHS = NO;
				CLANG_ANALYZER_NONNULL = YES;
				CLANG_ANALYZER_NUMBER_OBJECT_CONVERSION = YES_AGGRESSIVE;
				CLANG_CXX_LANGUAGE_STANDARD = "gnu++14";
				CLANG_CXX_LIBRARY = "libc++";
				CLANG_ENABLE_MODULES = YES;
				CLANG_ENABLE_OBJC_ARC = YES;
				CLANG_ENABLE_OBJC_WEAK = YES;
				CLANG_WARN_BLOCK_CAPTURE_AUTORELEASING = YES;
				CLANG_WARN_BOOL_CONVERSION = YES;
				CLANG_WARN_COMMA = YES;
				CLANG_WARN_CONSTANT_CONVERSION = YES;
				CLANG_WARN_DEPRECATED_OBJC_IMPLEMENTATIONS = YES;
				CLANG_WARN_DIRECT_OBJC_ISA_USAGE = YES_ERROR;
				CLANG_WARN_DOCUMENTATION_COMMENTS = YES;
				CLANG_WARN_EMPTY_BODY = YES;
				CLANG_WARN_ENUM_CONVERSION = YES;
				CLANG_WARN_INFINITE_RECURSION = YES;
				CLANG_WARN_INT_CONVERSION = YES;
				CLANG_WARN_NON_LITERAL_NULL_CONVERSION = YES;
				CLANG_WARN_OBJC_IMPLICIT_RETAIN_SELF = YES;
				CLANG_WARN_OBJC_LITERAL_CONVERSION = YES;
				CLANG_WARN_OBJC_ROOT_CLASS = YES_ERROR;
				CLANG_WARN_QUOTED_INCLUDE_IN_FRAMEWORK_HEADER = YES;
				CLANG_WARN_RANGE_LOOP_ANALYSIS = YES;
				CLANG_WARN_STRICT_PROTOTYPES = YES;
				CLANG_WARN_SUSPICIOUS_MOVE = YES;
				CLANG_WARN_UNGUARDED_AVAILABILITY = YES_AGGRESSIVE;
				CLANG_WARN_UNREACHABLE_CODE = YES;
				CLANG_WARN__DUPLICATE_METHOD_MATCH = YES;
				COPY_PHASE_STRIP = NO;
				DEBUG_INFORMATION_FORMAT = "dwarf-with-dsym";
				ENABLE_NS_ASSERTIONS = NO;
				ENABLE_STRICT_OBJC_MSGSEND = YES;
				GCC_C_LANGUAGE_STANDARD = gnu11;
				GCC_NO_COMMON_BLOCKS = YES;
				GCC_WARN_64_TO_32_BIT_CONVERSION = YES;
				GCC_WARN_ABOUT_RETURN_TYPE = YES_ERROR;
				GCC_WARN_UNDECLARED_SELECTOR = YES;
				GCC_WARN_UNINITIALIZED_AUTOS = YES_AGGRESSIVE;
				GCC_WARN_UNUSED_FUNCTION = YES;
				GCC_WARN_UNUSED_VARIABLE = YES;
				IPHONEOS_DEPLOYMENT_TARGET = 14.4;
				MTL_ENABLE_DEBUG_INFO = NO;
				MTL_FAST_MATH = YES;
				SDKROOT = iphoneos;
				SWIFT_COMPILATION_MODE = wholemodule;
				SWIFT_OPTIMIZATION_LEVEL = "-O";
				VALIDATE_PRODUCT = YES;
			};
			name = Release;
		};
		D282115325CF568D00BB415B /* Debug */ = {
			isa = XCBuildConfiguration;
			buildSettings = {
				ASSETCATALOG_COMPILER_APPICON_NAME = AppIcon;
				ASSETCATALOG_COMPILER_GLOBAL_ACCENT_COLOR_NAME = AccentColor;
				CODE_SIGN_STYLE = Automatic;
				DEVELOPMENT_ASSET_PATHS = "\"NewsApp/Preview Content\"";
				DEVELOPMENT_TEAM = Q7KJCMM3NN;
				ENABLE_PREVIEWS = YES;
				INFOPLIST_FILE = NewsApp/Info.plist;
				IPHONEOS_DEPLOYMENT_TARGET = 14.0;
				LD_RUNPATH_SEARCH_PATHS = (
					"$(inherited)",
					"@executable_path/Frameworks",
				);
				PRODUCT_BUNDLE_IDENTIFIER = com.scott.NewsApp;
				PRODUCT_NAME = "$(TARGET_NAME)";
				SWIFT_VERSION = 5.0;
				TARGETED_DEVICE_FAMILY = "1,2";
			};
			name = Debug;
		};
		D282115425CF568D00BB415B /* Release */ = {
			isa = XCBuildConfiguration;
			buildSettings = {
				ASSETCATALOG_COMPILER_APPICON_NAME = AppIcon;
				ASSETCATALOG_COMPILER_GLOBAL_ACCENT_COLOR_NAME = AccentColor;
				CODE_SIGN_STYLE = Automatic;
				DEVELOPMENT_ASSET_PATHS = "\"NewsApp/Preview Content\"";
				DEVELOPMENT_TEAM = Q7KJCMM3NN;
				ENABLE_PREVIEWS = YES;
				INFOPLIST_FILE = NewsApp/Info.plist;
				IPHONEOS_DEPLOYMENT_TARGET = 14.0;
				LD_RUNPATH_SEARCH_PATHS = (
					"$(inherited)",
					"@executable_path/Frameworks",
				);
				PRODUCT_BUNDLE_IDENTIFIER = com.scott.NewsApp;
				PRODUCT_NAME = "$(TARGET_NAME)";
				SWIFT_VERSION = 5.0;
				TARGETED_DEVICE_FAMILY = "1,2";
			};
			name = Release;
		};
/* End XCBuildConfiguration section */

/* Begin XCConfigurationList section */
		D282113E25CF568B00BB415B /* Build configuration list for PBXProject "NewsApp" */ = {
			isa = XCConfigurationList;
			buildConfigurations = (
				D282115025CF568D00BB415B /* Debug */,
				D282115125CF568D00BB415B /* Release */,
			);
			defaultConfigurationIsVisible = 0;
			defaultConfigurationName = Release;
		};
		D282115225CF568D00BB415B /* Build configuration list for PBXNativeTarget "NewsApp" */ = {
			isa = XCConfigurationList;
			buildConfigurations = (
				D282115325CF568D00BB415B /* Debug */,
				D282115425CF568D00BB415B /* Release */,
			);
			defaultConfigurationIsVisible = 0;
			defaultConfigurationName = Release;
		};
/* End XCConfigurationList section */
	};
	rootObject = D282113B25CF568B00BB415B /* Project object */;
}
